
Microsoft Visual Studio Solution File, Format Version 9.00
# Visual Studio 2005
Project("{E24C65DC-7377-472B-9ABA-BC803B73C61A}") = "D:\...\ClothingChainStore\", ".", "{3B0F3872-ECD4-4537-96D7-AB9E5A348F0B}"
	ProjectSection(WebsiteProperties) = preProject
		Debug.AspNetCompiler.VirtualPath = "/ClothingChainStore"
		Debug.AspNetCompiler.PhysicalPath = "..\ClothingChainStore\"
		Debug.AspNetCompiler.TargetPath = "PrecompiledWeb\ClothingChainStore\"
		Debug.AspNetCompiler.Updateable = "true"
		Debug.AspNetCompiler.ForceOverwrite = "true"
		Debug.AspNetCompiler.FixedNames = "false"
		Debug.AspNetCompiler.Debug = "True"
		Release.AspNetCompiler.VirtualPath = "/ClothingChainStore"
		Release.AspNetCompiler.PhysicalPath = "..\ClothingChainStore\"
		Release.AspNetCompiler.TargetPath = "PrecompiledWeb\ClothingChainStore\"
		Release.AspNetCompiler.Updateable = "true"
		Release.AspNetCompiler.ForceOverwrite = "true"
		Release.AspNetCompiler.FixedNames = "false"
		Release.AspNetCompiler.Debug = "False"
		VWDPort = "61715"
		DefaultWebSiteLanguage = "Visual C#"
	EndProjectSection
EndProject
Global
	GlobalSection(SolutionConfigurationPlatforms) = preSolution
		Debug|.NET = Debug|.NET
	EndGlobalSection
	GlobalSection(ProjectConfigurationPlatforms) = postSolution
		{3B0F3872-ECD4-4537-96D7-AB9E5A348F0B}.Debug|.NET.ActiveCfg = Debug|.NET
		{3B0F3872-ECD4-4537-96D7-AB9E5A348F0B}.Debug|.NET.Build.0 = Debug|.NET
	EndGlobalSection
	GlobalSection(SolutionProperties) = preSolution
		HideSolutionNode = FALSE
	EndGlobalSection
EndGlobal
